PODS:
  - Flutter (1.0.0)
  - flutter_mdns_plugin (0.0.1):
    - Flutter

DEPENDENCIES:
  - Flutter (from `Flutter`)
  - flutter_mdns_plugin (from `.symlinks/plugins/flutter_mdns_plugin/ios`)

EXTERNAL SOURCES:
  Flutter:
    :path: Flutter
  flutter_mdns_plugin:
    :path: ".symlinks/plugins/flutter_mdns_plugin/ios"

SPEC CHECKSUMS:
  Flutter: 0e3d915762c693b495b44d77113d4970485de6ec
  flutter_mdns_plugin: 3b8fa566cc39005527b515c77243cfdba77b70bc

PODFILE CHECKSUM: aafe91acc616949ddb318b77800a7f51bffa2a4c

COCOAPODS: 1.10.1
